// !$*UTF8*$!
{
	archiveVersion = 1;
	classes = {
	};
	objectVersion = 50;
	objects = {

/* Begin PBXBuildFile section */
		2B30EA56244249A80041FA82 /* mainScreenController.swift in Sources */ = {isa = PBXBuildFile; fileRef = 2B30EA55244249A80041FA82 /* mainScreenController.swift */; };
		2B30EA9E2442534E0041FA82 /* mainMusic.m4a in Resources */ = {isa = PBXBuildFile; fileRef = 2B30EA9D2442534E0041FA82 /* mainMusic.m4a */; };
		2B30EAA0244263190041FA82 /* Music.m4a in Resources */ = {isa = PBXBuildFile; fileRef = 2B30EA9F244263190041FA82 /* Music.m4a */; };
		2B4DE11A2443752700787D55 /* MotionHelper.swift in Sources */ = {isa = PBXBuildFile; fileRef = 2B4DE1182443752700787D55 /* MotionHelper.swift */; };
		2B4DE11B2443752700787D55 /* VectorOperations.swift in Sources */ = {isa = PBXBuildFile; fileRef = 2B4DE1192443752700787D55 /* VectorOperations.swift */; };
		2B6716B4244403830062C3DE /* art.scnassets in Resources */ = {isa = PBXBuildFile; fileRef = 2B6716B3244403830062C3DE /* art.scnassets */; };
		2B6716B924440F790062C3DE /* chainsaw.wav in Resources */ = {isa = PBXBuildFile; fileRef = 2B6716B624440F790062C3DE /* chainsaw.wav */; };
		2B6716BA24440F790062C3DE /* jump.wav in Resources */ = {isa = PBXBuildFile; fileRef = 2B6716B724440F790062C3DE /* jump.wav */; };
		2B6716BB24440F790062C3DE /* background.mp3 in Resources */ = {isa = PBXBuildFile; fileRef = 2B6716B824440F790062C3DE /* background.mp3 */; };
		2B80580424404E3D00F6C64A /* AppDelegate.swift in Sources */ = {isa = PBXBuildFile; fileRef = 2B80580324404E3D00F6C64A /* AppDelegate.swift */; };
		2B80580824404E3D00F6C64A /* GameViewController.swift in Sources */ = {isa = PBXBuildFile; fileRef = 2B80580724404E3D00F6C64A /* GameViewController.swift */; };
		2B80580B24404E3D00F6C64A /* Main.storyboard in Resources */ = {isa = PBXBuildFile; fileRef = 2B80580924404E3D00F6C64A /* Main.storyboard */; };
		2B80580D24404E3E00F6C64A /* Assets.xcassets in Resources */ = {isa = PBXBuildFile; fileRef = 2B80580C24404E3E00F6C64A /* Assets.xcassets */; };
		2B80581024404E3E00F6C64A /* LaunchScreen.storyboard in Resources */ = {isa = PBXBuildFile; fileRef = 2B80580E24404E3E00F6C64A /* LaunchScreen.storyboard */; };
/* End PBXBuildFile section */

/* Begin PBXFileReference section */
		2B30EA55244249A80041FA82 /* mainScreenController.swift */ = {isa = PBXFileReference; lastKnownFileType = sourcecode.swift; path = mainScreenController.swift; sourceTree = "<group>"; };
		2B30EA9D2442534E0041FA82 /* mainMusic.m4a */ = {isa = PBXFileReference; lastKnownFileType = file; path = mainMusic.m4a; sourceTree = "<group>"; };
		2B30EA9F244263190041FA82 /* Music.m4a */ = {isa = PBXFileReference; lastKnownFileType = file; path = Music.m4a; sourceTree = "<group>"; };
		2B4DE1182443752700787D55 /* MotionHelper.swift */ = {isa = PBXFileReference; fileEncoding = 4; lastKnownFileType = sourcecode.swift; path = MotionHelper.swift; sourceTree = "<group>"; };
		2B4DE1192443752700787D55 /* VectorOperations.swift */ = {isa = PBXFileReference; fileEncoding = 4; lastKnownFileType = sourcecode.swift; path = VectorOperations.swift; sourceTree = "<group>"; };
		2B6716B3244403830062C3DE /* art.scnassets */ = {isa = PBXFileReference; lastKnownFileType = wrapper.scnassets; name = art.scnassets; path = sound/art.scnassets; sourceTree = "<group>"; };
		2B6716B624440F790062C3DE /* chainsaw.wav */ = {isa = PBXFileReference; lastKnownFileType = audio.wav; path = chainsaw.wav; sourceTree = "<group>"; };
		2B6716B724440F790062C3DE /* jump.wav */ = {isa = PBXFileReference; lastKnownFileType = audio.wav; path = jump.wav; sourceTree = "<group>"; };
		2B6716B824440F790062C3DE /* background.mp3 */ = {isa = PBXFileReference; lastKnownFileType = audio.mp3; path = background.mp3; sourceTree = "<group>"; };
		2B80580024404E3D00F6C64A /* Globe.app */ = {isa = PBXFileReference; explicitFileType = wrapper.application; includeInIndex = 0; path = Globe.app; sourceTree = BUILT_PRODUCTS_DIR; };
		2B80580324404E3D00F6C64A /* AppDelegate.swift */ = {isa = PBXFileReference; lastKnownFileType = sourcecode.swift; path = AppDelegate.swift; sourceTree = "<group>"; };
		2B80580724404E3D00F6C64A /* GameViewController.swift */ = {isa = PBXFileReference; lastKnownFileType = sourcecode.swift; path = GameViewController.swift; sourceTree = "<group>"; };
		2B80580A24404E3D00F6C64A /* Base */ = {isa = PBXFileReference; lastKnownFileType = file.storyboard; name = Base; path = Base.lproj/Main.storyboard; sourceTree = "<group>"; };
		2B80580C24404E3E00F6C64A /* Assets.xcassets */ = {isa = PBXFileReference; lastKnownFileType = folder.assetcatalog; path = Assets.xcassets; sourceTree = "<group>"; };
		2B80580F24404E3E00F6C64A /* Base */ = {isa = PBXFileReference; lastKnownFileType = file.storyboard; name = Base; path = Base.lproj/LaunchScreen.storyboard; sourceTree = "<group>"; };
		2B80581124404E3E00F6C64A /* Info.plist */ = {isa = PBXFileReference; lastKnownFileType = text.plist.xml; path = Info.plist; sourceTree = "<group>"; };
/* End PBXFileReference section */

/* Begin PBXFrameworksBuildPhase section */
		2B8057FD24404E3D00F6C64A /* Frameworks */ = {
			isa = PBXFrameworksBuildPhase;
			buildActionMask = 2147483647;
			files = (
			);
			runOnlyForDeploymentPostprocessing = 0;
		};
/* End PBXFrameworksBuildPhase section */

/* Begin PBXGroup section */
		2B30EA5724424E8B0041FA82 /* sound */ = {
			isa = PBXGroup;
			children = (
				2B30EA9F244263190041FA82 /* Music.m4a */,
				2B30EA9D2442534E0041FA82 /* mainMusic.m4a */,
			);
			path = sound;
			sourceTree = "<group>";
		};
		2B4DE1172443752700787D55 /* Helper */ = {
			isa = PBXGroup;
			children = (
				2B4DE1182443752700787D55 /* MotionHelper.swift */,
				2B4DE1192443752700787D55 /* VectorOperations.swift */,
			);
			path = Helper;
			sourceTree = "<group>";
		};
		2B6716B524440F790062C3DE /* Sounds */ = {
			isa = PBXGroup;
			children = (
				2B6716B624440F790062C3DE /* chainsaw.wav */,
				2B6716B724440F790062C3DE /* jump.wav */,
				2B6716B824440F790062C3DE /* background.mp3 */,
			);
			path = Sounds;
			sourceTree = "<group>";
		};
		2B8057F724404E3D00F6C64A = {
			isa = PBXGroup;
			children = (
				2B80580224404E3D00F6C64A /* Globe */,
				2B80580124404E3D00F6C64A /* Products */,
			);
			sourceTree = "<group>";
		};
		2B80580124404E3D00F6C64A /* Products */ = {
			isa = PBXGroup;
			children = (
				2B80580024404E3D00F6C64A /* Globe.app */,
			);
			name = Products;
			sourceTree = "<group>";
		};
		2B80580224404E3D00F6C64A /* Globe */ = {
			isa = PBXGroup;
			children = (
				2B4DE1172443752700787D55 /* Helper */,
				2B30EA5724424E8B0041FA82 /* sound */,
				2B80580324404E3D00F6C64A /* AppDelegate.swift */,
				2B6716B3244403830062C3DE /* art.scnassets */,
				2B80580724404E3D00F6C64A /* GameViewController.swift */,
				2B80580924404E3D00F6C64A /* Main.storyboard */,
				2B6716B524440F790062C3DE /* Sounds */,
				2B30EA55244249A80041FA82 /* mainScreenController.swift */,
				2B80580C24404E3E00F6C64A /* Assets.xcassets */,
				2B80580E24404E3E00F6C64A /* LaunchScreen.storyboard */,
				2B80581124404E3E00F6C64A /* Info.plist */,
			);
			path = Globe;
			sourceTree = "<group>";
		};
/* End PBXGroup section */

/* Begin PBXNativeTarget section */
		2B8057FF24404E3D00F6C64A /* Globe */ = {
			isa = PBXNativeTarget;
			buildConfigurationList = 2B80581424404E3E00F6C64A /* Build configuration list for PBXNativeTarget "Globe" */;
			buildPhases = (
				2B8057FC24404E3D00F6C64A /* Sources */,
				2B8057FD24404E3D00F6C64A /* Frameworks */,
				2B8057FE24404E3D00F6C64A /* Resources */,
			);
			buildRules = (
			);
			dependencies = (
			);
			name = Globe;
			productName = Globe;
			productReference = 2B80580024404E3D00F6C64A /* Globe.app */;
			productType = "com.apple.product-type.application";
		};
/* End PBXNativeTarget section */

/* Begin PBXProject section */
		2B8057F824404E3D00F6C64A /* Project object */ = {
			isa = PBXProject;
			attributes = {
				LastSwiftUpdateCheck = 1140;
				LastUpgradeCheck = 1140;
				ORGANIZATIONNAME = "Didin Firmansyah";
				TargetAttributes = {
					2B8057FF24404E3D00F6C64A = {
						CreatedOnToolsVersion = 11.4;
					};
				};
			};
			buildConfigurationList = 2B8057FB24404E3D00F6C64A /* Build configuration list for PBXProject "Globe" */;
			compatibilityVersion = "Xcode 9.3";
			developmentRegion = en;
			hasScannedForEncodings = 0;
			knownRegions = (
				en,
				Base,
			);
			mainGroup = 2B8057F724404E3D00F6C64A;
			productRefGroup = 2B80580124404E3D00F6C64A /* Products */;
			projectDirPath = "";
			projectRoot = "";
			targets = (
				2B8057FF24404E3D00F6C64A /* Globe */,
			);
		};
/* End PBXProject section */

/* Begin PBXResourcesBuildPhase section */
		2B8057FE24404E3D00F6C64A /* Resources */ = {
			isa = PBXResourcesBuildPhase;
			buildActionMask = 2147483647;
			files = (
				2B6716BA24440F790062C3DE /* jump.wav in Resources */,
				2B30EAA0244263190041FA82 /* Music.m4a in Resources */,
				2B6716B4244403830062C3DE /* art.scnassets in Resources */,
				2B80581024404E3E00F6C64A /* LaunchScreen.storyboard in Resources */,
				2B6716B924440F790062C3DE /* chainsaw.wav in Resources */,
				2B80580D24404E3E00F6C64A /* Assets.xcassets in Resources */,
				2B80580B24404E3D00F6C64A /* Main.storyboard in Resources */,
				2B6716BB24440F790062C3DE /* background.mp3 in Resources */,
				2B30EA9E2442534E0041FA82 /* mainMusic.m4a in Resources */,
			);
			runOnlyForDeploymentPostprocessing = 0;
		};
/* End PBXResourcesBuildPhase section */

/* Begin PBXSourcesBuildPhase section */
		2B8057FC24404E3D00F6C64A /* Sources */ = {
			isa = PBXSourcesBuildPhase;
			buildActionMask = 2147483647;
			files = (
				2B80580824404E3D00F6C64A /* GameViewController.swift in Sources */,
				2B30EA56244249A80041FA82 /* mainScreenController.swift in Sources */,
				2B80580424404E3D00F6C64A /* AppDelegate.swift in Sources */,
				2B4DE11B2443752700787D55 /* VectorOperations.swift in Sources */,
				2B4DE11A2443752700787D55 /* MotionHelper.swift in Sources */,
			);
			runOnlyForDeploymentPostprocessing = 0;
		};
/* End PBXSourcesBuildPhase section */

/* Begin PBXVariantGroup section */
		2B80580924404E3D00F6C64A /* Main.storyboard */ = {
			isa = PBXVariantGroup;
			children = (
				2B80580A24404E3D00F6C64A /* Base */,
			);
			name = Main.storyboard;
			sourceTree = "<group>";
		};
		2B80580E24404E3E00F6C64A /* LaunchScreen.storyboard */ = {
			isa = PBXVariantGroup;
			children = (
				2B80580F24404E3E00F6C64A /* Base */,
			);
			name = LaunchScreen.storyboard;
			sourceTree = "<group>";
		};
/* End PBXVariantGroup section */

/* Begin XCBuildConfiguration section */
		2B80581224404E3E00F6C64A /* Debug */ = {
			isa = XCBuildConfiguration;
			buildSettings = {
				ALWAYS_SEARCH_USER_PATHS = NO;
				CLANG_ANALYZER_NONNULL = YES;
				CLANG_ANALYZER_NUMBER_OBJECT_CONVERSION = YES_AGGRESSIVE;
				CLANG_CXX_LANGUAGE_STANDARD = "gnu++14";
				CLANG_CXX_LIBRARY = "libc++";
				CLANG_ENABLE_MODULES = YES;
				CLANG_ENABLE_OBJC_ARC = YES;
				CLANG_ENABLE_OBJC_WEAK = YES;
				CLANG_WARN_BLOCK_CAPTURE_AUTORELEASING = YES;
				CLANG_WARN_BOOL_CONVERSION = YES;
				CLANG_WARN_COMMA = YES;
				CLANG_WARN_CONSTANT_CONVERSION = YES;
				CLANG_WARN_DEPRECATED_OBJC_IMPLEMENTATIONS = YES;
				CLANG_WARN_DIRECT_OBJC_ISA_USAGE = YES_ERROR;
				CLANG_WARN_DOCUMENTATION_COMMENTS = YES;
				CLANG_WARN_EMPTY_BODY = YES;
				CLANG_WARN_ENUM_CONVERSION = YES;
				CLANG_WARN_INFINITE_RECURSION = YES;
				CLANG_WARN_INT_CONVERSION = YES;
				CLANG_WARN_NON_LITERAL_NULL_CONVERSION = YES;
				CLANG_WARN_OBJC_IMPLICIT_RETAIN_SELF = YES;
				CLANG_WARN_OBJC_LITERAL_CONVERSION = YES;
				CLANG_WARN_OBJC_ROOT_CLASS = YES_ERROR;
				CLANG_WARN_RANGE_LOOP_ANALYSIS = YES;
				CLANG_WARN_STRICT_PROTOTYPES = YES;
				CLANG_WARN_SUSPICIOUS_MOVE = YES;
				CLANG_WARN_UNGUARDED_AVAILABILITY = YES_AGGRESSIVE;
				CLANG_WARN_UNREACHABLE_CODE = YES;
				CLANG_WARN__DUPLICATE_METHOD_MATCH = YES;
				COPY_PHASE_STRIP = NO;
				DEBUG_INFORMATION_FORMAT = dwarf;
				ENABLE_STRICT_OBJC_MSGSEND = YES;
				ENABLE_TESTABILITY = YES;
				GCC_C_LANGUAGE_STANDARD = gnu11;
				GCC_DYNAMIC_NO_PIC = NO;
				GCC_NO_COMMON_BLOCKS = YES;
				GCC_OPTIMIZATION_LEVEL = 0;
				GCC_PREPROCESSOR_DEFINITIONS = (
					"DEBUG=1",
					"$(inherited)",
				);
				GCC_WARN_64_TO_32_BIT_CONVERSION = YES;
				GCC_WARN_ABOUT_RETURN_TYPE = YES_ERROR;
				GCC_WARN_UNDECLARED_SELECTOR = YES;
				GCC_WARN_UNINITIALIZED_AUTOS = YES_AGGRESSIVE;
				GCC_WARN_UNUSED_FUNCTION = YES;
				GCC_WARN_UNUSED_VARIABLE = YES;
				IPHONEOS_DEPLOYMENT_TARGET = 13.4;
				MTL_ENABLE_DEBUG_INFO = INCLUDE_SOURCE;
				MTL_FAST_MATH = YES;
				ONLY_ACTIVE_ARCH = YES;
				SDKROOT = iphoneos;
				SWIFT_ACTIVE_COMPILATION_CONDITIONS = DEBUG;
				SWIFT_OPTIMIZATION_LEVEL = "-Onone";
			};
			name = Debug;
		};
		2B80581324404E3E00F6C64A /* Release */ = {
			isa = XCBuildConfiguration;
			buildSettings = {
				ALWAYS_SEARCH_USER_PATHS = NO;
				CLANG_ANALYZER_NONNULL = YES;
				CLANG_ANALYZER_NUMBER_OBJECT_CONVERSION = YES_AGGRESSIVE;
				CLANG_CXX_LANGUAGE_STANDARD = "gnu++14";
				CLANG_CXX_LIBRARY = "libc++";
				CLANG_ENABLE_MODULES = YES;
				CLANG_ENABLE_OBJC_ARC = YES;
				CLANG_ENABLE_OBJC_WEAK = YES;
				CLANG_WARN_BLOCK_CAPTURE_AUTORELEASING = YES;
				CLANG_WARN_BOOL_CONVERSION = YES;
				CLANG_WARN_COMMA = YES;
				CLANG_WARN_CONSTANT_CONVERSION = YES;
				CLANG_WARN_DEPRECATED_OBJC_IMPLEMENTATIONS = YES;
				CLANG_WARN_DIRECT_OBJC_ISA_USAGE = YES_ERROR;
				CLANG_WARN_DOCUMENTATION_COMMENTS = YES;
				CLANG_WARN_EMPTY_BODY = YES;
				CLANG_WARN_ENUM_CONVERSION = YES;
				CLANG_WARN_INFINITE_RECURSION = YES;
				CLANG_WARN_INT_CONVERSION = YES;
				CLANG_WARN_NON_LITERAL_NULL_CONVERSION = YES;
				CLANG_WARN_OBJC_IMPLICIT_RETAIN_SELF = YES;
				CLANG_WARN_OBJC_LITERAL_CONVERSION = YES;
				CLANG_WARN_OBJC_ROOT_CLASS = YES_ERROR;
				CLANG_WARN_RANGE_LOOP_ANALYSIS = YES;
				CLANG_WARN_STRICT_PROTOTYPES = YES;
				CLANG_WARN_SUSPICIOUS_MOVE = YES;
				CLANG_WARN_UNGUARDED_AVAILABILITY = YES_AGGRESSIVE;
				CLANG_WARN_UNREACHABLE_CODE = YES;
				CLANG_WARN__DUPLICATE_METHOD_MATCH = YES;
				COPY_PHASE_STRIP = NO;
				DEBUG_INFORMATION_FORMAT = "dwarf-with-dsym";
				ENABLE_NS_ASSERTIONS = NO;
				ENABLE_STRICT_OBJC_MSGSEND = YES;
				GCC_C_LANGUAGE_STANDARD = gnu11;
				GCC_NO_COMMON_BLOCKS = YES;
				GCC_WARN_64_TO_32_BIT_CONVERSION = YES;
				GCC_WARN_ABOUT_RETURN_TYPE = YES_ERROR;
				GCC_WARN_UNDECLARED_SELECTOR = YES;
				GCC_WARN_UNINITIALIZED_AUTOS = YES_AGGRESSIVE;
				GCC_WARN_UNUSED_FUNCTION = YES;
				GCC_WARN_UNUSED_VARIABLE = YES;
				IPHONEOS_DEPLOYMENT_TARGET = 13.4;
				MTL_ENABLE_DEBUG_INFO = NO;
				MTL_FAST_MATH = YES;
				SDKROOT = iphoneos;
				SWIFT_COMPILATION_MODE = wholemodule;
				SWIFT_OPTIMIZATION_LEVEL = "-O";
				VALIDATE_PRODUCT = YES;
			};
			name = Release;
		};
		2B80581524404E3E00F6C64A /* Debug */ = {
			isa = XCBuildConfiguration;
			buildSettings = {
				ASSETCATALOG_COMPILER_APPICON_NAME = AppIcon;
				CODE_SIGN_STYLE = Automatic;
				DEVELOPMENT_TEAM = 2KK36LPRSX;
				INFOPLIST_FILE = Globe/Info.plist;
				IPHONEOS_DEPLOYMENT_TARGET = 13.1;
				LD_RUNPATH_SEARCH_PATHS = (
					"$(inherited)",
					"@executable_path/Frameworks",
				);
				PRODUCT_BUNDLE_IDENTIFIER = AppleDeveloperAcademy;
				PRODUCT_NAME = "$(TARGET_NAME)";
				SWIFT_VERSION = 5.0;
				TARGETED_DEVICE_FAMILY = 1;
			};
			name = Debug;
		};
		2B80581624404E3E00F6C64A /* Release */ = {
			isa = XCBuildConfiguration;
			buildSettings = {
				ASSETCATALOG_COMPILER_APPICON_NAME = AppIcon;
				CODE_SIGN_STYLE = Automatic;
				DEVELOPMENT_TEAM = 2KK36LPRSX;
				INFOPLIST_FILE = Globe/Info.plist;
				IPHONEOS_DEPLOYMENT_TARGET = 13.1;
				LD_RUNPATH_SEARCH_PATHS = (
					"$(inherited)",
					"@executable_path/Frameworks",
				);
				PRODUCT_BUNDLE_IDENTIFIER = AppleDeveloperAcademy;
				PRODUCT_NAME = "$(TARGET_NAME)";
				SWIFT_VERSION = 5.0;
				TARGETED_DEVICE_FAMILY = 1;
			};
			name = Release;
		};
/* End XCBuildConfiguration section */

/* Begin XCConfigurationList section */
		2B8057FB24404E3D00F6C64A /* Build configuration list for PBXProject "Globe" */ = {
			isa = XCConfigurationList;
			buildConfigurations = (
				2B80581224404E3E00F6C64A /* Debug */,
				2B80581324404E3E00F6C64A /* Release */,
			);
			defaultConfigurationIsVisible = 0;
			defaultConfigurationName = Release;
		};
		2B80581424404E3E00F6C64A /* Build configuration list for PBXNativeTarget "Globe" */ = {
			isa = XCConfigurationList;
			buildConfigurations = (
				2B80581524404E3E00F6C64A /* Debug */,
				2B80581624404E3E00F6C64A /* Release */,
			);
			defaultConfigurationIsVisible = 0;
			defaultConfigurationName = Release;
		};
/* End XCConfigurationList section */
	};
	rootObject = 2B8057F824404E3D00F6C64A /* Project object */;
}
